<?xml version="1.0" encoding="utf-8"?>
<Project ToolsVersion="4.0" xmlns="http://schemas.microsoft.com/developer/msbuild/2003">
  <ItemGroup>
    <Filter Include="Source Files">
      <UniqueIdentifier>{4FC737F1-C7A5-4376-A066-2A32D752A2FF}</UniqueIdentifier>
      <Extensions>cpp;c;cc;cxx;def;odl;idl;hpj;bat;asm;asmx</Extensions>
    </Filter>
    <Filter Include="Header Files">
      <UniqueIdentifier>{93995380-89BD-4b04-88EB-625FBE52EBFB}</UniqueIdentifier>
      <Extensions>h;hpp;hxx;hm;inl;inc;xsd</Extensions>
    </Filter>
    <Filter Include="Resource Files">
      <UniqueIdentifier>{67DA6AB6-F800-4c08-8B7A-83BB121AAD01}</UniqueIdentifier>
      <Extensions>rc;ico;cur;bmp;dlg;rc2;rct;bin;rgs;gif;jpg;jpeg;jpe;resx;tiff;tif;png;wav;mfcribbon-ms</Extensions>
    </Filter>
  </ItemGroup>
  <ItemGroup>
    <ClInclude Include="src\main.h">
      <Filter>Header Files</Filter>
    </ClInclude>
    <ClInclude Include="src\btAlignedCollisionObjectArray_wrap.h">
      <Filter>Header Files</Filter>
    </ClInclude>
    <ClInclude Include="src\btDbvtBroadphase_wrap.h">
      <Filter>Header Files</Filter>
    </ClInclude>
    <ClInclude Include="src\btDispatcher_wrap.h">
      <Filter>Header Files</Filter>
    </ClInclude>
    <ClInclude Include="src\conversion.h">
      <Filter>Header Files</Filter>
    </ClInclude>
    <ClInclude Include="src\btCollisionConfiguration_wrap.h">
      <Filter>Header Files</Filter>
    </ClInclude>
    <ClInclude Include="src\btDefaultCollisionConfiguration_wrap.h">
      <Filter>Header Files</Filter>
    </ClInclude>
    <ClInclude Include="src\btCollisionDispatcher_wrap.h">
      <Filter>Header Files</Filter>
    </ClInclude>
    <ClInclude Include="src\btDynamicsWorld_wrap.h">
      <Filter>Header Files</Filter>
    </ClInclude>
    <ClInclude Include="src\btCollisionWorld_wrap.h">
      <Filter>Header Files</Filter>
    </ClInclude>
    <ClInclude Include="src\btDiscreteDynamicsWorld_wrap.h">
      <Filter>Header Files</Filter>
    </ClInclude>
    <ClInclude Include="src\btCollisionShape_wrap.h">
      <Filter>Header Files</Filter>
    </ClInclude>
    <ClInclude Include="src\btPolyhedralConvexShape_wrap.h">
      <Filter>Header Files</Filter>
    </ClInclude>
    <ClInclude Include="src\btBoxShape_wrap.h">
      <Filter>Header Files</Filter>
    </ClInclude>
    <ClInclude Include="src\btCollisionObject_wrap.h">
      <Filter>Header Files</Filter>
    </ClInclude>
    <ClInclude Include="src\btDefaultMotionState_wrap.h">
      <Filter>Header Files</Filter>
    </ClInclude>
    <ClInclude Include="src\btRigidBody_wrap.h">
      <Filter>Header Files</Filter>
    </ClInclude>
    <ClInclude Include="src\btSphereShape_wrap.h">
      <Filter>Header Files</Filter>
    </ClInclude>
    <ClInclude Include="src\btCapsuleShape_wrap.h">
      <Filter>Header Files</Filter>
    </ClInclude>
    <ClInclude Include="src\btTypedConstraint_wrap.h">
      <Filter>Header Files</Filter>
    </ClInclude>
    <ClInclude Include="src\btGeneric6DofConstraint_wrap.h">
      <Filter>Header Files</Filter>
    </ClInclude>
    <ClInclude Include="src\btActionInterface_wrap.h">
      <Filter>Header Files</Filter>
    </ClInclude>
  </ItemGroup>
  <ItemGroup>
    <ClCompile Include="dllmain.cpp">
      <Filter>Source Files</Filter>
    </ClCompile>
    <ClCompile Include="src\btAlignedCollisionObjectArray_wrap.cpp">
      <Filter>Source Files</Filter>
    </ClCompile>
    <ClCompile Include="src\btDbvtBroadphase_wrap.cpp">
      <Filter>Source Files</Filter>
    </ClCompile>
    <ClCompile Include="src\btCollisionConfiguration_wrap.cpp">
      <Filter>Source Files</Filter>
    </ClCompile>
    <ClCompile Include="src\btDefaultCollisionConfiguration_wrap.cpp">
      <Filter>Source Files</Filter>
    </ClCompile>
    <ClCompile Include="src\btDispatcher_wrap.cpp">
      <Filter>Source Files</Filter>
    </ClCompile>
    <ClCompile Include="src\btCollisionDispatcher_wrap.cpp">
      <Filter>Source Files</Filter>
    </ClCompile>
    <ClCompile Include="src\btDynamicsWorld_wrap.cpp">
      <Filter>Source Files</Filter>
    </ClCompile>
    <ClCompile Include="src\btCollisionWorld_wrap.cpp">
      <Filter>Source Files</Filter>
    </ClCompile>
    <ClCompile Include="src\btDiscreteDynamicsWorld_wrap.cpp">
      <Filter>Source Files</Filter>
    </ClCompile>
    <ClCompile Include="src\btCollisionShape_wrap.cpp">
      <Filter>Source Files</Filter>
    </ClCompile>
    <ClCompile Include="src\btPolyhedralConvexShape_wrap.cpp">
      <Filter>Source Files</Filter>
    </ClCompile>
    <ClCompile Include="src\btBoxShape_wrap.cpp">
      <Filter>Source Files</Filter>
    </ClCompile>
    <ClCompile Include="src\btCollisionObject_wrap.cpp">
      <Filter>Source Files</Filter>
    </ClCompile>
    <ClCompile Include="src\btDefaultMotionState_wrap.cpp">
      <Filter>Source Files</Filter>
    </ClCompile>
    <ClCompile Include="src\btRigidBody_wrap.cpp">
      <Filter>Source Files</Filter>
    </ClCompile>
    <ClCompile Include="src\btSphereShape_wrap.cpp">
      <Filter>Source Files</Filter>
    </ClCompile>
    <ClCompile Include="src\btCapsuleShape_wrap.cpp">
      <Filter>Source Files</Filter>
    </ClCompile>
    <ClCompile Include="src\btTypedConstraint_wrap.cpp">
      <Filter>Source Files</Filter>
    </ClCompile>
    <ClCompile Include="src\btGeneric6DofConstraint_wrap.cpp">
      <Filter>Source Files</Filter>
    </ClCompile>
    <ClCompile Include="src\btActionInterface_wrap.cpp">
      <Filter>Source Files</Filter>
    </ClCompile>
  </ItemGroup>
</Project>